
Microsoft Visual Studio Solution File, Format Version 12.00
# Visual Studio Version 17
VisualStudioVersion = 17.3.32922.545
MinimumVisualStudioVersion = 10.0.40219.1
Project("{FAE04EC0-301F-11D3-BF4B-00C04F79EFBC}") = "MVCIdentityBookRecords", "MVCIdentityBookRecords.csproj", "{237DDBA4-5709-4F84-84F9-AE99B719D1C9}"
EndProject
Global
	GlobalSection(SolutionConfigurationPlatforms) = preSolution
		Debug|Any CPU = Debug|Any CPU
		Release|Any CPU = Release|Any CPU
	EndGlobalSection
	GlobalSection(ProjectConfigurationPlatforms) = postSolution
		{237DDBA4-5709-4F84-84F9-AE99B719D1C9}.Debug|Any CPU.ActiveCfg = Debug|Any CPU
		{237DDBA4-5709-4F84-84F9-AE99B719D1C9}.Debug|Any CPU.Build.0 = Debug|Any CPU
		{237DDBA4-5709-4F84-84F9-AE99B719D1C9}.Release|Any CPU.ActiveCfg = Release|Any CPU
		{237DDBA4-5709-4F84-84F9-AE99B719D1C9}.Release|Any CPU.Build.0 = Release|Any CPU
	EndGlobalSection
	GlobalSection(SolutionProperties) = preSolution
		HideSolutionNode = FALSE
	EndGlobalSection
	GlobalSection(ExtensibilityGlobals) = postSolution
		SolutionGuid = {E9537187-8DEE-4979-B9DA-A09FEDA989BC}
	EndGlobalSection
EndGlobal
